
Microsoft Visual Studio Solution File, Format Version 12.00
# Visual Studio 15
VisualStudioVersion = 15.0.27428.2027
MinimumVisualStudioVersion = 10.0.40219.1
Project("{FAE04EC0-301F-11D3-BF4B-00C04F79EFBC}") = "Week02_TaskList", "Week02_TaskList\Week02_TaskList.csproj", "{696DB936-7A99-41A7-9E86-E2D380A97B8F}"
EndProject
Project("{2150E333-8FDC-42A3-9474-1A3956D46DE8}") = "Solution Items", "Solution Items", "{9BD6DAE9-3389-4714-B15C-7F3AB6D2774D}"
	ProjectSection(SolutionItems) = preProject
		.gitignore.txt = .gitignore.txt
	EndProjectSection
EndProject
Global
	GlobalSection(SolutionConfigurationPlatforms) = preSolution
		Debug|Any CPU = Debug|Any CPU
		Release|Any CPU = Release|Any CPU
	EndGlobalSection
	GlobalSection(ProjectConfigurationPlatforms) = postSolution
		{696DB936-7A99-41A7-9E86-E2D380A97B8F}.Debug|Any CPU.ActiveCfg = Debug|Any CPU
		{696DB936-7A99-41A7-9E86-E2D380A97B8F}.Debug|Any CPU.Build.0 = Debug|Any CPU
		{696DB936-7A99-41A7-9E86-E2D380A97B8F}.Release|Any CPU.ActiveCfg = Release|Any CPU
		{696DB936-7A99-41A7-9E86-E2D380A97B8F}.Release|Any CPU.Build.0 = Release|Any CPU
	EndGlobalSection
	GlobalSection(SolutionProperties) = preSolution
		HideSolutionNode = FALSE
	EndGlobalSection
	GlobalSection(ExtensibilityGlobals) = postSolution
		SolutionGuid = {1319595C-B56F-4D49-8EE3-1AB88D97CD45}
	EndGlobalSection
EndGlobal
